<?xml version="1.0" encoding="utf-8"?>
<Project ToolsVersion="4.0" xmlns="http://schemas.microsoft.com/developer/msbuild/2003">
  <ItemGroup>
    <Filter Include="Source Files">
      <UniqueIdentifier>{4FC737F1-C7A5-4376-A066-2A32D752A2FF}</UniqueIdentifier>
      <Extensions>cpp;c;cc;cxx;def;odl;idl;hpj;bat;asm;asmx</Extensions>
    </Filter>
    <Filter Include="Header Files">
      <UniqueIdentifier>{93995380-89BD-4b04-88EB-625FBE52EBFB}</UniqueIdentifier>
      <Extensions>h;hpp;hxx;hm;inl;inc;xsd</Extensions>
    </Filter>
    <Filter Include="Resource Files">
      <UniqueIdentifier>{67DA6AB6-F800-4c08-8B7A-83BB121AAD01}</UniqueIdentifier>
      <Extensions>rc;ico;cur;bmp;dlg;rc2;rct;bin;rgs;gif;jpg;jpeg;jpe;resx;tiff;tif;png;wav</Extensions>
    </Filter>
  </ItemGroup>
  <ItemGroup>
    <ClCompile Include="testpotentiel.cpp">
      <Filter>Source Files</Filter>
    </ClCompile>
    <ClCompile Include="Champspotentiel.cc">
      <Filter>Source Files</Filter>
    </ClCompile>
    <ClCompile Include="Makefile.cc">
      <Filter>Source Files</Filter>
    </ClCompile>
    <ClCompile Include="Montagne.cc">
      <Filter>Source Files</Filter>
    </ClCompile>
    <ClCompile Include="Potentiel.cc">
      <Filter>Source Files</Filter>
    </ClCompile>
    <ClCompile Include="TestMontagne.cc">
      <Filter>Source Files</Filter>
    </ClCompile>
    <ClCompile Include="Vecteur2D.cc">
      <Filter>Source Files</Filter>
    </ClCompile>
    <ClCompile Include="CubedAir.cpp">
      <Filter>Source Files</Filter>
    </ClCompile>
    <ClCompile Include="Dessinable.cc">
      <Filter>Source Files</Filter>
    </ClCompile>
    <ClCompile Include="Ciel.cc">
      <Filter>Source Files</Filter>
    </ClCompile>
    <ClCompile Include="Systeme.cc">
      <Filter>Source Files</Filter>
    </ClCompile>
  </ItemGroup>
  <ItemGroup>
    <ClInclude Include="Montagne.h">
      <Filter>Header Files</Filter>
    </ClInclude>
    <ClInclude Include="Vecteur2D.h">
      <Filter>Header Files</Filter>
    </ClInclude>
    <ClInclude Include="Potentiel.h">
      <Filter>Header Files</Filter>
    </ClInclude>
    <ClInclude Include="Ciel.h">
      <Filter>Header Files</Filter>
    </ClInclude>
    <ClInclude Include="Champspotentiel.h">
      <Filter>Header Files</Filter>
    </ClInclude>
    <ClInclude Include="CubedAir.h">
      <Filter>Header Files</Filter>
    </ClInclude>
    <ClInclude Include="Dessinable.h">
      <Filter>Header Files</Filter>
    </ClInclude>
    <ClInclude Include="Systeme.h">
      <Filter>Header Files</Filter>
    </ClInclude>
    <ClInclude Include="..\..\..\Desktop\constantes.h">
      <Filter>Header Files</Filter>
    </ClInclude>
  </ItemGroup>
</Project>